
Microsoft Visual Studio Solution File, Format Version 12.00
# Visual Studio 2012
Project("{FAE04EC0-301F-11D3-BF4B-00C04F79EFBC}") = "TravelNote", "TravelNote\TravelNote.csproj", "{17A15281-8A70-484D-B5DE-E3E7BCEECCD0}"
EndProject
Project("{FAE04EC0-301F-11D3-BF4B-00C04F79EFBC}") = "TravelNote.iOS", "iOS\TravelNote.iOS.csproj", "{B44E67EC-E951-42A7-8EBD-A7FCD199E6F1}"
EndProject
Project("{FAE04EC0-301F-11D3-BF4B-00C04F79EFBC}") = "TravelNote.Droid", "Droid\TravelNote.Droid.csproj", "{70AFDDAA-183F-4F4E-B1E1-32CD185AAF1B}"
EndProject
Global
	GlobalSection(SolutionConfigurationPlatforms) = preSolution
		Debug|Any CPU = Debug|Any CPU
		Release|Any CPU = Release|Any CPU
		Debug|iPhoneSimulator = Debug|iPhoneSimulator
		Release|iPhone = Release|iPhone
		Release|iPhoneSimulator = Release|iPhoneSimulator
		Debug|iPhone = Debug|iPhone
	EndGlobalSection
	GlobalSection(ProjectConfigurationPlatforms) = postSolution
		{17A15281-8A70-484D-B5DE-E3E7BCEECCD0}.Debug|Any CPU.ActiveCfg = Debug|Any CPU
		{17A15281-8A70-484D-B5DE-E3E7BCEECCD0}.Debug|Any CPU.Build.0 = Debug|Any CPU
		{17A15281-8A70-484D-B5DE-E3E7BCEECCD0}.Release|Any CPU.ActiveCfg = Release|Any CPU
		{17A15281-8A70-484D-B5DE-E3E7BCEECCD0}.Release|Any CPU.Build.0 = Release|Any CPU
		{17A15281-8A70-484D-B5DE-E3E7BCEECCD0}.Debug|iPhoneSimulator.ActiveCfg = Debug|Any CPU
		{17A15281-8A70-484D-B5DE-E3E7BCEECCD0}.Debug|iPhoneSimulator.Build.0 = Debug|Any CPU
		{17A15281-8A70-484D-B5DE-E3E7BCEECCD0}.Release|iPhone.ActiveCfg = Release|Any CPU
		{17A15281-8A70-484D-B5DE-E3E7BCEECCD0}.Release|iPhone.Build.0 = Release|Any CPU
		{17A15281-8A70-484D-B5DE-E3E7BCEECCD0}.Release|iPhoneSimulator.ActiveCfg = Release|Any CPU
		{17A15281-8A70-484D-B5DE-E3E7BCEECCD0}.Release|iPhoneSimulator.Build.0 = Release|Any CPU
		{17A15281-8A70-484D-B5DE-E3E7BCEECCD0}.Debug|iPhone.ActiveCfg = Debug|Any CPU
		{17A15281-8A70-484D-B5DE-E3E7BCEECCD0}.Debug|iPhone.Build.0 = Debug|Any CPU
		{B44E67EC-E951-42A7-8EBD-A7FCD199E6F1}.Debug|Any CPU.ActiveCfg = Debug|iPhoneSimulator
		{B44E67EC-E951-42A7-8EBD-A7FCD199E6F1}.Debug|Any CPU.Build.0 = Debug|iPhoneSimulator
		{B44E67EC-E951-42A7-8EBD-A7FCD199E6F1}.Release|Any CPU.ActiveCfg = Debug|iPhoneSimulator
		{B44E67EC-E951-42A7-8EBD-A7FCD199E6F1}.Release|Any CPU.Build.0 = Debug|iPhoneSimulator
		{B44E67EC-E951-42A7-8EBD-A7FCD199E6F1}.Debug|iPhoneSimulator.ActiveCfg = Debug|iPhoneSimulator
		{B44E67EC-E951-42A7-8EBD-A7FCD199E6F1}.Debug|iPhoneSimulator.Build.0 = Debug|iPhoneSimulator
		{B44E67EC-E951-42A7-8EBD-A7FCD199E6F1}.Release|iPhone.ActiveCfg = Release|iPhone
		{B44E67EC-E951-42A7-8EBD-A7FCD199E6F1}.Release|iPhone.Build.0 = Release|iPhone
		{B44E67EC-E951-42A7-8EBD-A7FCD199E6F1}.Release|iPhoneSimulator.ActiveCfg = Release|iPhoneSimulator
		{B44E67EC-E951-42A7-8EBD-A7FCD199E6F1}.Release|iPhoneSimulator.Build.0 = Release|iPhoneSimulator
		{B44E67EC-E951-42A7-8EBD-A7FCD199E6F1}.Debug|iPhone.ActiveCfg = Debug|iPhone
		{B44E67EC-E951-42A7-8EBD-A7FCD199E6F1}.Debug|iPhone.Build.0 = Debug|iPhone
		{70AFDDAA-183F-4F4E-B1E1-32CD185AAF1B}.Debug|Any CPU.ActiveCfg = Debug|Any CPU
		{70AFDDAA-183F-4F4E-B1E1-32CD185AAF1B}.Debug|Any CPU.Build.0 = Debug|Any CPU
		{70AFDDAA-183F-4F4E-B1E1-32CD185AAF1B}.Release|Any CPU.ActiveCfg = Release|Any CPU
		{70AFDDAA-183F-4F4E-B1E1-32CD185AAF1B}.Release|Any CPU.Build.0 = Release|Any CPU
		{70AFDDAA-183F-4F4E-B1E1-32CD185AAF1B}.Debug|iPhoneSimulator.ActiveCfg = Debug|Any CPU
		{70AFDDAA-183F-4F4E-B1E1-32CD185AAF1B}.Debug|iPhoneSimulator.Build.0 = Debug|Any CPU
		{70AFDDAA-183F-4F4E-B1E1-32CD185AAF1B}.Release|iPhone.ActiveCfg = Release|Any CPU
		{70AFDDAA-183F-4F4E-B1E1-32CD185AAF1B}.Release|iPhone.Build.0 = Release|Any CPU
		{70AFDDAA-183F-4F4E-B1E1-32CD185AAF1B}.Release|iPhoneSimulator.ActiveCfg = Release|Any CPU
		{70AFDDAA-183F-4F4E-B1E1-32CD185AAF1B}.Release|iPhoneSimulator.Build.0 = Release|Any CPU
		{70AFDDAA-183F-4F4E-B1E1-32CD185AAF1B}.Debug|iPhone.ActiveCfg = Debug|Any CPU
		{70AFDDAA-183F-4F4E-B1E1-32CD185AAF1B}.Debug|iPhone.Build.0 = Debug|Any CPU
	EndGlobalSection
EndGlobal
